
Microsoft Visual Studio Solution File, Format Version 12.00
# Visual Studio 2013
VisualStudioVersion = 12.0.20827.3
MinimumVisualStudioVersion = 10.0.40219.1
Project("{FAE04EC0-301F-11D3-BF4B-00C04F79EFBC}") = "LearningSystem.App", "LearningSystem.App\LearningSystem.App.csproj", "{097D9FF2-6C10-4BDA-8FC7-7692E816262C}"
EndProject
Project("{FAE04EC0-301F-11D3-BF4B-00C04F79EFBC}") = "TeamAzureDragon.Utils", "TeamAzureDragon.Utils\TeamAzureDragon.Utils.csproj", "{E77C8FC5-143F-4341-B8A7-B2B99F0061C6}"
EndProject
Project("{2150E333-8FDC-42A3-9474-1A3956D46DE8}") = ".nuget", ".nuget", "{AC5BE326-87C9-461C-8483-91A41442BB8E}"
	ProjectSection(SolutionItems) = preProject
		.nuget\NuGet.Config = .nuget\NuGet.Config
		.nuget\NuGet.exe = .nuget\NuGet.exe
		.nuget\NuGet.targets = .nuget\NuGet.targets
	EndProjectSection
EndProject
Project("{FAE04EC0-301F-11D3-BF4B-00C04F79EFBC}") = "LearningSystem.Models", "LearningSystem.Models\LearningSystem.Models.csproj", "{1A5BAB78-E243-455A-AD7C-23CAA9D882C5}"
EndProject
Project("{FAE04EC0-301F-11D3-BF4B-00C04F79EFBC}") = "LearningSystem.Data", "LearningSystem.Data\LearningSystem.Data.csproj", "{B7D009E7-D120-4C19-8A1B-717DAE55868B}"
EndProject
Project("{FAE04EC0-301F-11D3-BF4B-00C04F79EFBC}") = "TeamAzureDragon.Scratch", "TeamAzureDragon.Scratch\TeamAzureDragon.Scratch.csproj", "{C4530896-61D2-46EB-8A0F-26B8CDB9F5F5}"
EndProject
Project("{FAE04EC0-301F-11D3-BF4B-00C04F79EFBC}") = "TeamAzureDragon.CSharpCompiler", "TeamAzureDragon.CSharpCompiler\TeamAzureDragon.CSharpCompiler.csproj", "{1D5A2399-EBFF-41AD-B1A1-38B60FFCD767}"
EndProject
Project("{FAE04EC0-301F-11D3-BF4B-00C04F79EFBC}") = "LearningSystem.Tests", "LearningSystem.Tests\LearningSystem.Tests.csproj", "{E0D2E7E2-42E3-4F6C-BC83-9DB4CF72F79E}"
EndProject
Project("{FAE04EC0-301F-11D3-BF4B-00C04F79EFBC}") = "TeamAzureDragon.CSharpCompiler.SecuritySafeHelpers", "TeamAzureDragon.CSharpCompiler.SecuritySafeHelpers\TeamAzureDragon.CSharpCompiler.SecuritySafeHelpers.csproj", "{291FF5C3-1AF5-41A0-B9EC-147CCB3FE440}"
EndProject
Project("{FAE04EC0-301F-11D3-BF4B-00C04F79EFBC}") = "TeamAzureDragon.CSharpCompiler.ProxyExecuter", "TeamAzureDragon.CSharpCompiler.ProxyExecuter\TeamAzureDragon.CSharpCompiler.ProxyExecuter.csproj", "{A7DE9E05-9993-4FBD-97CC-6DF5C6BC3101}"
EndProject
Global
	GlobalSection(SolutionConfigurationPlatforms) = preSolution
		AppHarbor|Any CPU = AppHarbor|Any CPU
		Debug|Any CPU = Debug|Any CPU
		Release|Any CPU = Release|Any CPU
	EndGlobalSection
	GlobalSection(ProjectConfigurationPlatforms) = postSolution
		{097D9FF2-6C10-4BDA-8FC7-7692E816262C}.AppHarbor|Any CPU.ActiveCfg = AppHarbor|Any CPU
		{097D9FF2-6C10-4BDA-8FC7-7692E816262C}.AppHarbor|Any CPU.Build.0 = AppHarbor|Any CPU
		{097D9FF2-6C10-4BDA-8FC7-7692E816262C}.Debug|Any CPU.ActiveCfg = Debug|Any CPU
		{097D9FF2-6C10-4BDA-8FC7-7692E816262C}.Debug|Any CPU.Build.0 = Debug|Any CPU
		{097D9FF2-6C10-4BDA-8FC7-7692E816262C}.Release|Any CPU.ActiveCfg = Release|Any CPU
		{097D9FF2-6C10-4BDA-8FC7-7692E816262C}.Release|Any CPU.Build.0 = Release|Any CPU
		{E77C8FC5-143F-4341-B8A7-B2B99F0061C6}.AppHarbor|Any CPU.ActiveCfg = AppHarbor|Any CPU
		{E77C8FC5-143F-4341-B8A7-B2B99F0061C6}.AppHarbor|Any CPU.Build.0 = AppHarbor|Any CPU
		{E77C8FC5-143F-4341-B8A7-B2B99F0061C6}.Debug|Any CPU.ActiveCfg = Debug|Any CPU
		{E77C8FC5-143F-4341-B8A7-B2B99F0061C6}.Debug|Any CPU.Build.0 = Debug|Any CPU
		{E77C8FC5-143F-4341-B8A7-B2B99F0061C6}.Release|Any CPU.ActiveCfg = Release|Any CPU
		{E77C8FC5-143F-4341-B8A7-B2B99F0061C6}.Release|Any CPU.Build.0 = Release|Any CPU
		{1A5BAB78-E243-455A-AD7C-23CAA9D882C5}.AppHarbor|Any CPU.ActiveCfg = AppHarbor|Any CPU
		{1A5BAB78-E243-455A-AD7C-23CAA9D882C5}.AppHarbor|Any CPU.Build.0 = AppHarbor|Any CPU
		{1A5BAB78-E243-455A-AD7C-23CAA9D882C5}.Debug|Any CPU.ActiveCfg = Debug|Any CPU
		{1A5BAB78-E243-455A-AD7C-23CAA9D882C5}.Debug|Any CPU.Build.0 = Debug|Any CPU
		{1A5BAB78-E243-455A-AD7C-23CAA9D882C5}.Release|Any CPU.ActiveCfg = Release|Any CPU
		{1A5BAB78-E243-455A-AD7C-23CAA9D882C5}.Release|Any CPU.Build.0 = Release|Any CPU
		{B7D009E7-D120-4C19-8A1B-717DAE55868B}.AppHarbor|Any CPU.ActiveCfg = AppHarbor|Any CPU
		{B7D009E7-D120-4C19-8A1B-717DAE55868B}.AppHarbor|Any CPU.Build.0 = AppHarbor|Any CPU
		{B7D009E7-D120-4C19-8A1B-717DAE55868B}.Debug|Any CPU.ActiveCfg = Debug|Any CPU
		{B7D009E7-D120-4C19-8A1B-717DAE55868B}.Debug|Any CPU.Build.0 = Debug|Any CPU
		{B7D009E7-D120-4C19-8A1B-717DAE55868B}.Release|Any CPU.ActiveCfg = Release|Any CPU
		{B7D009E7-D120-4C19-8A1B-717DAE55868B}.Release|Any CPU.Build.0 = Release|Any CPU
		{C4530896-61D2-46EB-8A0F-26B8CDB9F5F5}.AppHarbor|Any CPU.ActiveCfg = AppHarbor|Any CPU
		{C4530896-61D2-46EB-8A0F-26B8CDB9F5F5}.AppHarbor|Any CPU.Build.0 = AppHarbor|Any CPU
		{C4530896-61D2-46EB-8A0F-26B8CDB9F5F5}.Debug|Any CPU.ActiveCfg = Debug|Any CPU
		{C4530896-61D2-46EB-8A0F-26B8CDB9F5F5}.Debug|Any CPU.Build.0 = Debug|Any CPU
		{C4530896-61D2-46EB-8A0F-26B8CDB9F5F5}.Release|Any CPU.ActiveCfg = Release|Any CPU
		{C4530896-61D2-46EB-8A0F-26B8CDB9F5F5}.Release|Any CPU.Build.0 = Release|Any CPU
		{1D5A2399-EBFF-41AD-B1A1-38B60FFCD767}.AppHarbor|Any CPU.ActiveCfg = AppHarbor|Any CPU
		{1D5A2399-EBFF-41AD-B1A1-38B60FFCD767}.AppHarbor|Any CPU.Build.0 = AppHarbor|Any CPU
		{1D5A2399-EBFF-41AD-B1A1-38B60FFCD767}.Debug|Any CPU.ActiveCfg = Debug|Any CPU
		{1D5A2399-EBFF-41AD-B1A1-38B60FFCD767}.Debug|Any CPU.Build.0 = Debug|Any CPU
		{1D5A2399-EBFF-41AD-B1A1-38B60FFCD767}.Release|Any CPU.ActiveCfg = Release|Any CPU
		{1D5A2399-EBFF-41AD-B1A1-38B60FFCD767}.Release|Any CPU.Build.0 = Release|Any CPU
		{E0D2E7E2-42E3-4F6C-BC83-9DB4CF72F79E}.AppHarbor|Any CPU.ActiveCfg = AppHarbor|Any CPU
		{E0D2E7E2-42E3-4F6C-BC83-9DB4CF72F79E}.AppHarbor|Any CPU.Build.0 = AppHarbor|Any CPU
		{E0D2E7E2-42E3-4F6C-BC83-9DB4CF72F79E}.Debug|Any CPU.ActiveCfg = Debug|Any CPU
		{E0D2E7E2-42E3-4F6C-BC83-9DB4CF72F79E}.Debug|Any CPU.Build.0 = Debug|Any CPU
		{E0D2E7E2-42E3-4F6C-BC83-9DB4CF72F79E}.Release|Any CPU.ActiveCfg = Release|Any CPU
		{E0D2E7E2-42E3-4F6C-BC83-9DB4CF72F79E}.Release|Any CPU.Build.0 = Release|Any CPU
		{291FF5C3-1AF5-41A0-B9EC-147CCB3FE440}.AppHarbor|Any CPU.ActiveCfg = AppHarbor|Any CPU
		{291FF5C3-1AF5-41A0-B9EC-147CCB3FE440}.AppHarbor|Any CPU.Build.0 = AppHarbor|Any CPU
		{291FF5C3-1AF5-41A0-B9EC-147CCB3FE440}.Debug|Any CPU.ActiveCfg = Debug|Any CPU
		{291FF5C3-1AF5-41A0-B9EC-147CCB3FE440}.Debug|Any CPU.Build.0 = Debug|Any CPU
		{291FF5C3-1AF5-41A0-B9EC-147CCB3FE440}.Release|Any CPU.ActiveCfg = Release|Any CPU
		{291FF5C3-1AF5-41A0-B9EC-147CCB3FE440}.Release|Any CPU.Build.0 = Release|Any CPU
		{A7DE9E05-9993-4FBD-97CC-6DF5C6BC3101}.AppHarbor|Any CPU.ActiveCfg = AppHarbor|Any CPU
		{A7DE9E05-9993-4FBD-97CC-6DF5C6BC3101}.AppHarbor|Any CPU.Build.0 = AppHarbor|Any CPU
		{A7DE9E05-9993-4FBD-97CC-6DF5C6BC3101}.Debug|Any CPU.ActiveCfg = Debug|Any CPU
		{A7DE9E05-9993-4FBD-97CC-6DF5C6BC3101}.Debug|Any CPU.Build.0 = Debug|Any CPU
		{A7DE9E05-9993-4FBD-97CC-6DF5C6BC3101}.Release|Any CPU.ActiveCfg = Release|Any CPU
		{A7DE9E05-9993-4FBD-97CC-6DF5C6BC3101}.Release|Any CPU.Build.0 = Release|Any CPU
	EndGlobalSection
	GlobalSection(SolutionProperties) = preSolution
		HideSolutionNode = FALSE
	EndGlobalSection
EndGlobal
